// !$*UTF8*$!
{
	archiveVersion = 1;
	classes = {
	};
	objectVersion = 50;
	objects = {

/* Begin PBXBuildFile section */
		C9A560A225F67ABE0080A416 /* AppDelegate.swift in Sources */ = {isa = PBXBuildFile; fileRef = C9A560A125F67ABE0080A416 /* AppDelegate.swift */; };
		C9A560A425F67ABE0080A416 /* SceneDelegate.swift in Sources */ = {isa = PBXBuildFile; fileRef = C9A560A325F67ABE0080A416 /* SceneDelegate.swift */; };
		C9A560A625F67ABE0080A416 /* ViewController.swift in Sources */ = {isa = PBXBuildFile; fileRef = C9A560A525F67ABE0080A416 /* ViewController.swift */; };
		C9A560A925F67ABE0080A416 /* Main.storyboard in Resources */ = {isa = PBXBuildFile; fileRef = C9A560A725F67ABE0080A416 /* Main.storyboard */; };
		C9A560AB25F67AC00080A416 /* Assets.xcassets in Resources */ = {isa = PBXBuildFile; fileRef = C9A560AA25F67AC00080A416 /* Assets.xcassets */; };
		C9A560AE25F67AC00080A416 /* LaunchScreen.storyboard in Resources */ = {isa = PBXBuildFile; fileRef = C9A560AC25F67AC00080A416 /* LaunchScreen.storyboard */; };
		C9A560B925F67AC10080A416 /* List_BuilderTests.swift in Sources */ = {isa = PBXBuildFile; fileRef = C9A560B825F67AC10080A416 /* List_BuilderTests.swift */; };
		C9A560C425F67AC10080A416 /* List_BuilderUITests.swift in Sources */ = {isa = PBXBuildFile; fileRef = C9A560C325F67AC10080A416 /* List_BuilderUITests.swift */; };
/* End PBXBuildFile section */

/* Begin PBXContainerItemProxy section */
		C9A560B525F67AC10080A416 /* PBXContainerItemProxy */ = {
			isa = PBXContainerItemProxy;
			containerPortal = C9A5609625F67ABE0080A416 /* Project object */;
			proxyType = 1;
			remoteGlobalIDString = C9A5609D25F67ABE0080A416;
			remoteInfo = "List Builder";
		};
		C9A560C025F67AC10080A416 /* PBXContainerItemProxy */ = {
			isa = PBXContainerItemProxy;
			containerPortal = C9A5609625F67ABE0080A416 /* Project object */;
			proxyType = 1;
			remoteGlobalIDString = C9A5609D25F67ABE0080A416;
			remoteInfo = "List Builder";
		};
/* End PBXContainerItemProxy section */

/* Begin PBXFileReference section */
		C9A5609E25F67ABE0080A416 /* List Builder.app */ = {isa = PBXFileReference; explicitFileType = wrapper.application; includeInIndex = 0; path = "List Builder.app"; sourceTree = BUILT_PRODUCTS_DIR; };
		C9A560A125F67ABE0080A416 /* AppDelegate.swift */ = {isa = PBXFileReference; lastKnownFileType = sourcecode.swift; path = AppDelegate.swift; sourceTree = "<group>"; };
		C9A560A325F67ABE0080A416 /* SceneDelegate.swift */ = {isa = PBXFileReference; lastKnownFileType = sourcecode.swift; path = SceneDelegate.swift; sourceTree = "<group>"; };
		C9A560A525F67ABE0080A416 /* ViewController.swift */ = {isa = PBXFileReference; lastKnownFileType = sourcecode.swift; path = ViewController.swift; sourceTree = "<group>"; };
		C9A560A825F67ABE0080A416 /* Base */ = {isa = PBXFileReference; lastKnownFileType = file.storyboard; name = Base; path = Base.lproj/Main.storyboard; sourceTree = "<group>"; };
		C9A560AA25F67AC00080A416 /* Assets.xcassets */ = {isa = PBXFileReference; lastKnownFileType = folder.assetcatalog; path = Assets.xcassets; sourceTree = "<group>"; };
		C9A560AD25F67AC00080A416 /* Base */ = {isa = PBXFileReference; lastKnownFileType = file.storyboard; name = Base; path = Base.lproj/LaunchScreen.storyboard; sourceTree = "<group>"; };
		C9A560AF25F67AC00080A416 /* Info.plist */ = {isa = PBXFileReference; lastKnownFileType = text.plist.xml; path = Info.plist; sourceTree = "<group>"; };
		C9A560B425F67AC10080A416 /* List BuilderTests.xctest */ = {isa = PBXFileReference; explicitFileType = wrapper.cfbundle; includeInIndex = 0; path = "List BuilderTests.xctest"; sourceTree = BUILT_PRODUCTS_DIR; };
		C9A560B825F67AC10080A416 /* List_BuilderTests.swift */ = {isa = PBXFileReference; lastKnownFileType = sourcecode.swift; path = List_BuilderTests.swift; sourceTree = "<group>"; };
		C9A560BA25F67AC10080A416 /* Info.plist */ = {isa = PBXFileReference; lastKnownFileType = text.plist.xml; path = Info.plist; sourceTree = "<group>"; };
		C9A560BF25F67AC10080A416 /* List BuilderUITests.xctest */ = {isa = PBXFileReference; explicitFileType = wrapper.cfbundle; includeInIndex = 0; path = "List BuilderUITests.xctest"; sourceTree = BUILT_PRODUCTS_DIR; };
		C9A560C325F67AC10080A416 /* List_BuilderUITests.swift */ = {isa = PBXFileReference; lastKnownFileType = sourcecode.swift; path = List_BuilderUITests.swift; sourceTree = "<group>"; };
		C9A560C525F67AC10080A416 /* Info.plist */ = {isa = PBXFileReference; lastKnownFileType = text.plist.xml; path = Info.plist; sourceTree = "<group>"; };
/* End PBXFileReference section */

/* Begin PBXFrameworksBuildPhase section */
		C9A5609B25F67ABE0080A416 /* Frameworks */ = {
			isa = PBXFrameworksBuildPhase;
			buildActionMask = 2147483647;
			files = (
			);
			runOnlyForDeploymentPostprocessing = 0;
		};
		C9A560B125F67AC10080A416 /* Frameworks */ = {
			isa = PBXFrameworksBuildPhase;
			buildActionMask = 2147483647;
			files = (
			);
			runOnlyForDeploymentPostprocessing = 0;
		};
		C9A560BC25F67AC10080A416 /* Frameworks */ = {
			isa = PBXFrameworksBuildPhase;
			buildActionMask = 2147483647;
			files = (
			);
			runOnlyForDeploymentPostprocessing = 0;
		};
/* End PBXFrameworksBuildPhase section */

/* Begin PBXGroup section */
		C9A5609525F67ABE0080A416 = {
			isa = PBXGroup;
			children = (
				C9A560A025F67ABE0080A416 /* List Builder */,
				C9A560B725F67AC10080A416 /* List BuilderTests */,
				C9A560C225F67AC10080A416 /* List BuilderUITests */,
				C9A5609F25F67ABE0080A416 /* Products */,
			);
			sourceTree = "<group>";
		};
		C9A5609F25F67ABE0080A416 /* Products */ = {
			isa = PBXGroup;
			children = (
				C9A5609E25F67ABE0080A416 /* List Builder.app */,
				C9A560B425F67AC10080A416 /* List BuilderTests.xctest */,
				C9A560BF25F67AC10080A416 /* List BuilderUITests.xctest */,
			);
			name = Products;
			sourceTree = "<group>";
		};
		C9A560A025F67ABE0080A416 /* List Builder */ = {
			isa = PBXGroup;
			children = (
				C9A560A125F67ABE0080A416 /* AppDelegate.swift */,
				C9A560A325F67ABE0080A416 /* SceneDelegate.swift */,
				C9A560A525F67ABE0080A416 /* ViewController.swift */,
				C9A560A725F67ABE0080A416 /* Main.storyboard */,
				C9A560AA25F67AC00080A416 /* Assets.xcassets */,
				C9A560AC25F67AC00080A416 /* LaunchScreen.storyboard */,
				C9A560AF25F67AC00080A416 /* Info.plist */,
			);
			path = "List Builder";
			sourceTree = "<group>";
		};
		C9A560B725F67AC10080A416 /* List BuilderTests */ = {
			isa = PBXGroup;
			children = (
				C9A560B825F67AC10080A416 /* List_BuilderTests.swift */,
				C9A560BA25F67AC10080A416 /* Info.plist */,
			);
			path = "List BuilderTests";
			sourceTree = "<group>";
		};
		C9A560C225F67AC10080A416 /* List BuilderUITests */ = {
			isa = PBXGroup;
			children = (
				C9A560C325F67AC10080A416 /* List_BuilderUITests.swift */,
				C9A560C525F67AC10080A416 /* Info.plist */,
			);
			path = "List BuilderUITests";
			sourceTree = "<group>";
		};
/* End PBXGroup section */

/* Begin PBXNativeTarget section */
		C9A5609D25F67ABE0080A416 /* List Builder */ = {
			isa = PBXNativeTarget;
			buildConfigurationList = C9A560C825F67AC10080A416 /* Build configuration list for PBXNativeTarget "List Builder" */;
			buildPhases = (
				C9A5609A25F67ABE0080A416 /* Sources */,
				C9A5609B25F67ABE0080A416 /* Frameworks */,
				C9A5609C25F67ABE0080A416 /* Resources */,
			);
			buildRules = (
			);
			dependencies = (
			);
			name = "List Builder";
			productName = "List Builder";
			productReference = C9A5609E25F67ABE0080A416 /* List Builder.app */;
			productType = "com.apple.product-type.application";
		};
		C9A560B325F67AC10080A416 /* List BuilderTests */ = {
			isa = PBXNativeTarget;
			buildConfigurationList = C9A560CB25F67AC10080A416 /* Build configuration list for PBXNativeTarget "List BuilderTests" */;
			buildPhases = (
				C9A560B025F67AC10080A416 /* Sources */,
				C9A560B125F67AC10080A416 /* Frameworks */,
				C9A560B225F67AC10080A416 /* Resources */,
			);
			buildRules = (
			);
			dependencies = (
				C9A560B625F67AC10080A416 /* PBXTargetDependency */,
			);
			name = "List BuilderTests";
			productName = "List BuilderTests";
			productReference = C9A560B425F67AC10080A416 /* List BuilderTests.xctest */;
			productType = "com.apple.product-type.bundle.unit-test";
		};
		C9A560BE25F67AC10080A416 /* List BuilderUITests */ = {
			isa = PBXNativeTarget;
			buildConfigurationList = C9A560CE25F67AC10080A416 /* Build configuration list for PBXNativeTarget "List BuilderUITests" */;
			buildPhases = (
				C9A560BB25F67AC10080A416 /* Sources */,
				C9A560BC25F67AC10080A416 /* Frameworks */,
				C9A560BD25F67AC10080A416 /* Resources */,
			);
			buildRules = (
			);
			dependencies = (
				C9A560C125F67AC10080A416 /* PBXTargetDependency */,
			);
			name = "List BuilderUITests";
			productName = "List BuilderUITests";
			productReference = C9A560BF25F67AC10080A416 /* List BuilderUITests.xctest */;
			productType = "com.apple.product-type.bundle.ui-testing";
		};
/* End PBXNativeTarget section */

/* Begin PBXProject section */
		C9A5609625F67ABE0080A416 /* Project object */ = {
			isa = PBXProject;
			attributes = {
				LastSwiftUpdateCheck = 1240;
				LastUpgradeCheck = 1240;
				TargetAttributes = {
					C9A5609D25F67ABE0080A416 = {
						CreatedOnToolsVersion = 12.4;
					};
					C9A560B325F67AC10080A416 = {
						CreatedOnToolsVersion = 12.4;
						TestTargetID = C9A5609D25F67ABE0080A416;
					};
					C9A560BE25F67AC10080A416 = {
						CreatedOnToolsVersion = 12.4;
						TestTargetID = C9A5609D25F67ABE0080A416;
					};
				};
			};
			buildConfigurationList = C9A5609925F67ABE0080A416 /* Build configuration list for PBXProject "List Builder" */;
			compatibilityVersion = "Xcode 9.3";
			developmentRegion = en;
			hasScannedForEncodings = 0;
			knownRegions = (
				en,
				Base,
			);
			mainGroup = C9A5609525F67ABE0080A416;
			productRefGroup = C9A5609F25F67ABE0080A416 /* Products */;
			projectDirPath = "";
			projectRoot = "";
			targets = (
				C9A5609D25F67ABE0080A416 /* List Builder */,
				C9A560B325F67AC10080A416 /* List BuilderTests */,
				C9A560BE25F67AC10080A416 /* List BuilderUITests */,
			);
		};
/* End PBXProject section */

/* Begin PBXResourcesBuildPhase section */
		C9A5609C25F67ABE0080A416 /* Resources */ = {
			isa = PBXResourcesBuildPhase;
			buildActionMask = 2147483647;
			files = (
				C9A560AE25F67AC00080A416 /* LaunchScreen.storyboard in Resources */,
				C9A560AB25F67AC00080A416 /* Assets.xcassets in Resources */,
				C9A560A925F67ABE0080A416 /* Main.storyboard in Resources */,
			);
			runOnlyForDeploymentPostprocessing = 0;
		};
		C9A560B225F67AC10080A416 /* Resources */ = {
			isa = PBXResourcesBuildPhase;
			buildActionMask = 2147483647;
			files = (
			);
			runOnlyForDeploymentPostprocessing = 0;
		};
		C9A560BD25F67AC10080A416 /* Resources */ = {
			isa = PBXResourcesBuildPhase;
			buildActionMask = 2147483647;
			files = (
			);
			runOnlyForDeploymentPostprocessing = 0;
		};
/* End PBXResourcesBuildPhase section */

/* Begin PBXSourcesBuildPhase section */
		C9A5609A25F67ABE0080A416 /* Sources */ = {
			isa = PBXSourcesBuildPhase;
			buildActionMask = 2147483647;
			files = (
				C9A560A625F67ABE0080A416 /* ViewController.swift in Sources */,
				C9A560A225F67ABE0080A416 /* AppDelegate.swift in Sources */,
				C9A560A425F67ABE0080A416 /* SceneDelegate.swift in Sources */,
			);
			runOnlyForDeploymentPostprocessing = 0;
		};
		C9A560B025F67AC10080A416 /* Sources */ = {
			isa = PBXSourcesBuildPhase;
			buildActionMask = 2147483647;
			files = (
				C9A560B925F67AC10080A416 /* List_BuilderTests.swift in Sources */,
			);
			runOnlyForDeploymentPostprocessing = 0;
		};
		C9A560BB25F67AC10080A416 /* Sources */ = {
			isa = PBXSourcesBuildPhase;
			buildActionMask = 2147483647;
			files = (
				C9A560C425F67AC10080A416 /* List_BuilderUITests.swift in Sources */,
			);
			runOnlyForDeploymentPostprocessing = 0;
		};
/* End PBXSourcesBuildPhase section */

/* Begin PBXTargetDependency section */
		C9A560B625F67AC10080A416 /* PBXTargetDependency */ = {
			isa = PBXTargetDependency;
			target = C9A5609D25F67ABE0080A416 /* List Builder */;
			targetProxy = C9A560B525F67AC10080A416 /* PBXContainerItemProxy */;
		};
		C9A560C125F67AC10080A416 /* PBXTargetDependency */ = {
			isa = PBXTargetDependency;
			target = C9A5609D25F67ABE0080A416 /* List Builder */;
			targetProxy = C9A560C025F67AC10080A416 /* PBXContainerItemProxy */;
		};
/* End PBXTargetDependency section */

/* Begin PBXVariantGroup section */
		C9A560A725F67ABE0080A416 /* Main.storyboard */ = {
			isa = PBXVariantGroup;
			children = (
				C9A560A825F67ABE0080A416 /* Base */,
			);
			name = Main.storyboard;
			sourceTree = "<group>";
		};
		C9A560AC25F67AC00080A416 /* LaunchScreen.storyboard */ = {
			isa = PBXVariantGroup;
			children = (
				C9A560AD25F67AC00080A416 /* Base */,
			);
			name = LaunchScreen.storyboard;
			sourceTree = "<group>";
		};
/* End PBXVariantGroup section */

/* Begin XCBuildConfiguration section */
		C9A560C625F67AC10080A416 /* Debug */ = {
			isa = XCBuildConfiguration;
			buildSettings = {
				ALWAYS_SEARCH_USER_PATHS = NO;
				CLANG_ANALYZER_NONNULL = YES;
				CLANG_ANALYZER_NUMBER_OBJECT_CONVERSION = YES_AGGRESSIVE;
				CLANG_CXX_LANGUAGE_STANDARD = "gnu++14";
				CLANG_CXX_LIBRARY = "libc++";
				CLANG_ENABLE_MODULES = YES;
				CLANG_ENABLE_OBJC_ARC = YES;
				CLANG_ENABLE_OBJC_WEAK = YES;
				CLANG_WARN_BLOCK_CAPTURE_AUTORELEASING = YES;
				CLANG_WARN_BOOL_CONVERSION = YES;
				CLANG_WARN_COMMA = YES;
				CLANG_WARN_CONSTANT_CONVERSION = YES;
				CLANG_WARN_DEPRECATED_OBJC_IMPLEMENTATIONS = YES;
				CLANG_WARN_DIRECT_OBJC_ISA_USAGE = YES_ERROR;
				CLANG_WARN_DOCUMENTATION_COMMENTS = YES;
				CLANG_WARN_EMPTY_BODY = YES;
				CLANG_WARN_ENUM_CONVERSION = YES;
				CLANG_WARN_INFINITE_RECURSION = YES;
				CLANG_WARN_INT_CONVERSION = YES;
				CLANG_WARN_NON_LITERAL_NULL_CONVERSION = YES;
				CLANG_WARN_OBJC_IMPLICIT_RETAIN_SELF = YES;
				CLANG_WARN_OBJC_LITERAL_CONVERSION = YES;
				CLANG_WARN_OBJC_ROOT_CLASS = YES_ERROR;
				CLANG_WARN_QUOTED_INCLUDE_IN_FRAMEWORK_HEADER = YES;
				CLANG_WARN_RANGE_LOOP_ANALYSIS = YES;
				CLANG_WARN_STRICT_PROTOTYPES = YES;
				CLANG_WARN_SUSPICIOUS_MOVE = YES;
				CLANG_WARN_UNGUARDED_AVAILABILITY = YES_AGGRESSIVE;
				CLANG_WARN_UNREACHABLE_CODE = YES;
				CLANG_WARN__DUPLICATE_METHOD_MATCH = YES;
				COPY_PHASE_STRIP = NO;
				DEBUG_INFORMATION_FORMAT = dwarf;
				ENABLE_STRICT_OBJC_MSGSEND = YES;
				ENABLE_TESTABILITY = YES;
				GCC_C_LANGUAGE_STANDARD = gnu11;
				GCC_DYNAMIC_NO_PIC = NO;
				GCC_NO_COMMON_BLOCKS = YES;
				GCC_OPTIMIZATION_LEVEL = 0;
				GCC_PREPROCESSOR_DEFINITIONS = (
					"DEBUG=1",
					"$(inherited)",
				);
				GCC_WARN_64_TO_32_BIT_CONVERSION = YES;
				GCC_WARN_ABOUT_RETURN_TYPE = YES_ERROR;
				GCC_WARN_UNDECLARED_SELECTOR = YES;
				GCC_WARN_UNINITIALIZED_AUTOS = YES_AGGRESSIVE;
				GCC_WARN_UNUSED_FUNCTION = YES;
				GCC_WARN_UNUSED_VARIABLE = YES;
				IPHONEOS_DEPLOYMENT_TARGET = 14.4;
				MTL_ENABLE_DEBUG_INFO = INCLUDE_SOURCE;
				MTL_FAST_MATH = YES;
				ONLY_ACTIVE_ARCH = YES;
				SDKROOT = iphoneos;
				SWIFT_ACTIVE_COMPILATION_CONDITIONS = DEBUG;
				SWIFT_OPTIMIZATION_LEVEL = "-Onone";
			};
			name = Debug;
		};
		C9A560C725F67AC10080A416 /* Release */ = {
			isa = XCBuildConfiguration;
			buildSettings = {
				ALWAYS_SEARCH_USER_PATHS = NO;
				CLANG_ANALYZER_NONNULL = YES;
				CLANG_ANALYZER_NUMBER_OBJECT_CONVERSION = YES_AGGRESSIVE;
				CLANG_CXX_LANGUAGE_STANDARD = "gnu++14";
				CLANG_CXX_LIBRARY = "libc++";
				CLANG_ENABLE_MODULES = YES;
				CLANG_ENABLE_OBJC_ARC = YES;
				CLANG_ENABLE_OBJC_WEAK = YES;
				CLANG_WARN_BLOCK_CAPTURE_AUTORELEASING = YES;
				CLANG_WARN_BOOL_CONVERSION = YES;
				CLANG_WARN_COMMA = YES;
				CLANG_WARN_CONSTANT_CONVERSION = YES;
				CLANG_WARN_DEPRECATED_OBJC_IMPLEMENTATIONS = YES;
				CLANG_WARN_DIRECT_OBJC_ISA_USAGE = YES_ERROR;
				CLANG_WARN_DOCUMENTATION_COMMENTS = YES;
				CLANG_WARN_EMPTY_BODY = YES;
				CLANG_WARN_ENUM_CONVERSION = YES;
				CLANG_WARN_INFINITE_RECURSION = YES;
				CLANG_WARN_INT_CONVERSION = YES;
				CLANG_WARN_NON_LITERAL_NULL_CONVERSION = YES;
				CLANG_WARN_OBJC_IMPLICIT_RETAIN_SELF = YES;
				CLANG_WARN_OBJC_LITERAL_CONVERSION = YES;
				CLANG_WARN_OBJC_ROOT_CLASS = YES_ERROR;
				CLANG_WARN_QUOTED_INCLUDE_IN_FRAMEWORK_HEADER = YES;
				CLANG_WARN_RANGE_LOOP_ANALYSIS = YES;
				CLANG_WARN_STRICT_PROTOTYPES = YES;
				CLANG_WARN_SUSPICIOUS_MOVE = YES;
				CLANG_WARN_UNGUARDED_AVAILABILITY = YES_AGGRESSIVE;
				CLANG_WARN_UNREACHABLE_CODE = YES;
				CLANG_WARN__DUPLICATE_METHOD_MATCH = YES;
				COPY_PHASE_STRIP = NO;
				DEBUG_INFORMATION_FORMAT = "dwarf-with-dsym";
				ENABLE_NS_ASSERTIONS = NO;
				ENABLE_STRICT_OBJC_MSGSEND = YES;
				GCC_C_LANGUAGE_STANDARD = gnu11;
				GCC_NO_COMMON_BLOCKS = YES;
				GCC_WARN_64_TO_32_BIT_CONVERSION = YES;
				GCC_WARN_ABOUT_RETURN_TYPE = YES_ERROR;
				GCC_WARN_UNDECLARED_SELECTOR = YES;
				GCC_WARN_UNINITIALIZED_AUTOS = YES_AGGRESSIVE;
				GCC_WARN_UNUSED_FUNCTION = YES;
				GCC_WARN_UNUSED_VARIABLE = YES;
				IPHONEOS_DEPLOYMENT_TARGET = 14.4;
				MTL_ENABLE_DEBUG_INFO = NO;
				MTL_FAST_MATH = YES;
				SDKROOT = iphoneos;
				SWIFT_COMPILATION_MODE = wholemodule;
				SWIFT_OPTIMIZATION_LEVEL = "-O";
				VALIDATE_PRODUCT = YES;
			};
			name = Release;
		};
		C9A560C925F67AC10080A416 /* Debug */ = {
			isa = XCBuildConfiguration;
			buildSettings = {
				ASSETCATALOG_COMPILER_APPICON_NAME = AppIcon;
				ASSETCATALOG_COMPILER_GLOBAL_ACCENT_COLOR_NAME = AccentColor;
				CODE_SIGN_STYLE = Automatic;
				DEVELOPMENT_TEAM = VL8HR86YSW;
				INFOPLIST_FILE = "List Builder/Info.plist";
				IPHONEOS_DEPLOYMENT_TARGET = 14.1;
				LD_RUNPATH_SEARCH_PATHS = (
					"$(inherited)",
					"@executable_path/Frameworks",
				);
				PRODUCT_BUNDLE_IDENTIFIER = "mpbradshaw.List-Builder";
				PRODUCT_NAME = "$(TARGET_NAME)";
				SWIFT_VERSION = 5.0;
				TARGETED_DEVICE_FAMILY = "1,2";
			};
			name = Debug;
		};
		C9A560CA25F67AC10080A416 /* Release */ = {
			isa = XCBuildConfiguration;
			buildSettings = {
				ASSETCATALOG_COMPILER_APPICON_NAME = AppIcon;
				ASSETCATALOG_COMPILER_GLOBAL_ACCENT_COLOR_NAME = AccentColor;
				CODE_SIGN_STYLE = Automatic;
				DEVELOPMENT_TEAM = VL8HR86YSW;
				INFOPLIST_FILE = "List Builder/Info.plist";
				IPHONEOS_DEPLOYMENT_TARGET = 14.1;
				LD_RUNPATH_SEARCH_PATHS = (
					"$(inherited)",
					"@executable_path/Frameworks",
				);
				PRODUCT_BUNDLE_IDENTIFIER = "mpbradshaw.List-Builder";
				PRODUCT_NAME = "$(TARGET_NAME)";
				SWIFT_VERSION = 5.0;
				TARGETED_DEVICE_FAMILY = "1,2";
			};
			name = Release;
		};
		C9A560CC25F67AC10080A416 /* Debug */ = {
			isa = XCBuildConfiguration;
			buildSettings = {
				ALWAYS_EMBED_SWIFT_STANDARD_LIBRARIES = YES;
				BUNDLE_LOADER = "$(TEST_HOST)";
				CODE_SIGN_STYLE = Automatic;
				DEVELOPMENT_TEAM = VL8HR86YSW;
				INFOPLIST_FILE = "List BuilderTests/Info.plist";
				IPHONEOS_DEPLOYMENT_TARGET = 14.4;
				LD_RUNPATH_SEARCH_PATHS = (
					"$(inherited)",
					"@executable_path/Frameworks",
					"@loader_path/Frameworks",
				);
				PRODUCT_BUNDLE_IDENTIFIER = "mpbradshaw.List-BuilderTests";
				PRODUCT_NAME = "$(TARGET_NAME)";
				SWIFT_VERSION = 5.0;
				TARGETED_DEVICE_FAMILY = "1,2";
				TEST_HOST = "$(BUILT_PRODUCTS_DIR)/List Builder.app/List Builder";
			};
			name = Debug;
		};
		C9A560CD25F67AC10080A416 /* Release */ = {
			isa = XCBuildConfiguration;
			buildSettings = {
				ALWAYS_EMBED_SWIFT_STANDARD_LIBRARIES = YES;
				BUNDLE_LOADER = "$(TEST_HOST)";
				CODE_SIGN_STYLE = Automatic;
				DEVELOPMENT_TEAM = VL8HR86YSW;
				INFOPLIST_FILE = "List BuilderTests/Info.plist";
				IPHONEOS_DEPLOYMENT_TARGET = 14.4;
				LD_RUNPATH_SEARCH_PATHS = (
					"$(inherited)",
					"@executable_path/Frameworks",
					"@loader_path/Frameworks",
				);
				PRODUCT_BUNDLE_IDENTIFIER = "mpbradshaw.List-BuilderTests";
				PRODUCT_NAME = "$(TARGET_NAME)";
				SWIFT_VERSION = 5.0;
				TARGETED_DEVICE_FAMILY = "1,2";
				TEST_HOST = "$(BUILT_PRODUCTS_DIR)/List Builder.app/List Builder";
			};
			name = Release;
		};
		C9A560CF25F67AC10080A416 /* Debug */ = {
			isa = XCBuildConfiguration;
			buildSettings = {
				ALWAYS_EMBED_SWIFT_STANDARD_LIBRARIES = YES;
				CODE_SIGN_STYLE = Automatic;
				DEVELOPMENT_TEAM = VL8HR86YSW;
				INFOPLIST_FILE = "List BuilderUITests/Info.plist";
				LD_RUNPATH_SEARCH_PATHS = (
					"$(inherited)",
					"@executable_path/Frameworks",
					"@loader_path/Frameworks",
				);
				PRODUCT_BUNDLE_IDENTIFIER = "mpbradshaw.List-BuilderUITests";
				PRODUCT_NAME = "$(TARGET_NAME)";
				SWIFT_VERSION = 5.0;
				TARGETED_DEVICE_FAMILY = "1,2";
				TEST_TARGET_NAME = "List Builder";
			};
			name = Debug;
		};
		C9A560D025F67AC10080A416 /* Release */ = {
			isa = XCBuildConfiguration;
			buildSettings = {
				ALWAYS_EMBED_SWIFT_STANDARD_LIBRARIES = YES;
				CODE_SIGN_STYLE = Automatic;
				DEVELOPMENT_TEAM = VL8HR86YSW;
				INFOPLIST_FILE = "List BuilderUITests/Info.plist";
				LD_RUNPATH_SEARCH_PATHS = (
					"$(inherited)",
					"@executable_path/Frameworks",
					"@loader_path/Frameworks",
				);
				PRODUCT_BUNDLE_IDENTIFIER = "mpbradshaw.List-BuilderUITests";
				PRODUCT_NAME = "$(TARGET_NAME)";
				SWIFT_VERSION = 5.0;
				TARGETED_DEVICE_FAMILY = "1,2";
				TEST_TARGET_NAME = "List Builder";
			};
			name = Release;
		};
/* End XCBuildConfiguration section */

/* Begin XCConfigurationList section */
		C9A5609925F67ABE0080A416 /* Build configuration list for PBXProject "List Builder" */ = {
			isa = XCConfigurationList;
			buildConfigurations = (
				C9A560C625F67AC10080A416 /* Debug */,
				C9A560C725F67AC10080A416 /* Release */,
			);
			defaultConfigurationIsVisible = 0;
			defaultConfigurationName = Release;
		};
		C9A560C825F67AC10080A416 /* Build configuration list for PBXNativeTarget "List Builder" */ = {
			isa = XCConfigurationList;
			buildConfigurations = (
				C9A560C925F67AC10080A416 /* Debug */,
				C9A560CA25F67AC10080A416 /* Release */,
			);
			defaultConfigurationIsVisible = 0;
			defaultConfigurationName = Release;
		};
		C9A560CB25F67AC10080A416 /* Build configuration list for PBXNativeTarget "List BuilderTests" */ = {
			isa = XCConfigurationList;
			buildConfigurations = (
				C9A560CC25F67AC10080A416 /* Debug */,
				C9A560CD25F67AC10080A416 /* Release */,
			);
			defaultConfigurationIsVisible = 0;
			defaultConfigurationName = Release;
		};
		C9A560CE25F67AC10080A416 /* Build configuration list for PBXNativeTarget "List BuilderUITests" */ = {
			isa = XCConfigurationList;
			buildConfigurations = (
				C9A560CF25F67AC10080A416 /* Debug */,
				C9A560D025F67AC10080A416 /* Release */,
			);
			defaultConfigurationIsVisible = 0;
			defaultConfigurationName = Release;
		};
/* End XCConfigurationList section */
	};
	rootObject = C9A5609625F67ABE0080A416 /* Project object */;
}
